// !$*UTF8*$!
{
	archiveVersion = 1;
	classes = {
	};
	objectVersion = 46;
	objects = {

/* Begin PBXBuildFile section */
		453A6B1C143CD1D00038B093 /* Foundation.framework in Frameworks */ = {isa = PBXBuildFile; fileRef = 453A6B1B143CD1D00038B093 /* Foundation.framework */; };
		453A6B1E143CD1D00038B093 /* UIKit.framework in Frameworks */ = {isa = PBXBuildFile; fileRef = 453A6B1D143CD1D00038B093 /* UIKit.framework */; };
		453A6B20143CD1D00038B093 /* CoreGraphics.framework in Frameworks */ = {isa = PBXBuildFile; fileRef = 453A6B1F143CD1D00038B093 /* CoreGraphics.framework */; };
		453A6B22143CD1D00038B093 /* AddressBook.framework in Frameworks */ = {isa = PBXBuildFile; fileRef = 453A6B21143CD1D00038B093 /* AddressBook.framework */; };
		453A6B24143CD1D00038B093 /* AddressBookUI.framework in Frameworks */ = {isa = PBXBuildFile; fileRef = 453A6B23143CD1D00038B093 /* AddressBookUI.framework */; };
		453A6B26143CD1D00038B093 /* AudioToolbox.framework in Frameworks */ = {isa = PBXBuildFile; fileRef = 453A6B25143CD1D00038B093 /* AudioToolbox.framework */; };
		453A6B28143CD1D00038B093 /* AVFoundation.framework in Frameworks */ = {isa = PBXBuildFile; fileRef = 453A6B27143CD1D00038B093 /* AVFoundation.framework */; };
		453A6B2A143CD1D00038B093 /* CoreLocation.framework in Frameworks */ = {isa = PBXBuildFile; fileRef = 453A6B29143CD1D00038B093 /* CoreLocation.framework */; };
		453A6B2C143CD1D00038B093 /* MediaPlayer.framework in Frameworks */ = {isa = PBXBuildFile; fileRef = 453A6B2B143CD1D00038B093 /* MediaPlayer.framework */; };
		453A6B2E143CD1D00038B093 /* QuartzCore.framework in Frameworks */ = {isa = PBXBuildFile; fileRef = 453A6B2D143CD1D00038B093 /* QuartzCore.framework */; };
		453A6B30143CD1D00038B093 /* SystemConfiguration.framework in Frameworks */ = {isa = PBXBuildFile; fileRef = 453A6B2F143CD1D00038B093 /* SystemConfiguration.framework */; };
		453A6B32143CD1D00038B093 /* MobileCoreServices.framework in Frameworks */ = {isa = PBXBuildFile; fileRef = 453A6B31143CD1D00038B093 /* MobileCoreServices.framework */; };
		453A6B34143CD1D00038B093 /* CoreMedia.framework in Frameworks */ = {isa = PBXBuildFile; fileRef = 453A6B33143CD1D00038B093 /* CoreMedia.framework */; };
		453A6B3A143CD1D00038B093 /* InfoPlist.strings in Resources */ = {isa = PBXBuildFile; fileRef = 453A6B38143CD1D00038B093 /* InfoPlist.strings */; };
		453A6B3C143CD1D00038B093 /* main.m in Sources */ = {isa = PBXBuildFile; fileRef = 453A6B3B143CD1D00038B093 /* main.m */; };
		453A6B3F143CD1D00038B093 /* PhoneGap.framework in Frameworks */ = {isa = PBXBuildFile; fileRef = 453A6B3E143CD1D00038B093 /* PhoneGap.framework */; };
		453A6B44143CD1D00038B093 /* Localizable.strings in Resources */ = {isa = PBXBuildFile; fileRef = 453A6B42143CD1D00038B093 /* Localizable.strings */; };
		453A6B48143CD1D00038B093 /* Localizable.strings in Resources */ = {isa = PBXBuildFile; fileRef = 453A6B46143CD1D00038B093 /* Localizable.strings */; };
		453A6B4B143CD1D00038B093 /* icon.png in Resources */ = {isa = PBXBuildFile; fileRef = 453A6B4A143CD1D00038B093 /* icon.png */; };
		453A6B4D143CD1D00038B093 /* icon@2x.png in Resources */ = {isa = PBXBuildFile; fileRef = 453A6B4C143CD1D00038B093 /* icon@2x.png */; };
		453A6B4F143CD1D00038B093 /* icon-72.png in Resources */ = {isa = PBXBuildFile; fileRef = 453A6B4E143CD1D00038B093 /* icon-72.png */; };
		453A6B52143CD1D00038B093 /* Default.png in Resources */ = {isa = PBXBuildFile; fileRef = 453A6B51143CD1D00038B093 /* Default.png */; };
		453A6B54143CD1D00038B093 /* Default@2x.png in Resources */ = {isa = PBXBuildFile; fileRef = 453A6B53143CD1D00038B093 /* Default@2x.png */; };
		453A6B56143CD1D00038B093 /* Capture.bundle in Resources */ = {isa = PBXBuildFile; fileRef = 453A6B55143CD1D00038B093 /* Capture.bundle */; };
		453A6B58143CD1D10038B093 /* PhoneGap.plist in Resources */ = {isa = PBXBuildFile; fileRef = 453A6B57143CD1D00038B093 /* PhoneGap.plist */; };
		453A6B5C143CD1D10038B093 /* AppDelegate.m in Sources */ = {isa = PBXBuildFile; fileRef = 453A6B5B143CD1D10038B093 /* AppDelegate.m */; };
		453A6B72143CD2030038B093 /* ChildBrowser.bundle in Resources */ = {isa = PBXBuildFile; fileRef = 453A6B65143CD2030038B093 /* ChildBrowser.bundle */; };
		453A6B73143CD2030038B093 /* ChildBrowser.js in Sources */ = {isa = PBXBuildFile; fileRef = 453A6B66143CD2030038B093 /* ChildBrowser.js */; };
		453A6B74143CD2030038B093 /* ChildBrowserCommand.m in Sources */ = {isa = PBXBuildFile; fileRef = 453A6B68143CD2030038B093 /* ChildBrowserCommand.m */; };
		453A6B75143CD2030038B093 /* ChildBrowserViewController.m in Sources */ = {isa = PBXBuildFile; fileRef = 453A6B6A143CD2030038B093 /* ChildBrowserViewController.m */; };
		453A6B76143CD2030038B093 /* ChildBrowserViewController.xib in Resources */ = {isa = PBXBuildFile; fileRef = 453A6B6B143CD2030038B093 /* ChildBrowserViewController.xib */; };
		453A6B77143CD2030038B093 /* facebook.html in Resources */ = {isa = PBXBuildFile; fileRef = 453A6B6D143CD2030038B093 /* facebook.html */; };
		453A6B78143CD2030038B093 /* FBConnect.js in Sources */ = {isa = PBXBuildFile; fileRef = 453A6B6E143CD2030038B093 /* FBConnect.js */; };
		453A6B79143CD2030038B093 /* index.html in Resources */ = {isa = PBXBuildFile; fileRef = 453A6B6F143CD2030038B093 /* index.html */; };
		453A6B7A143CD2030038B093 /* README.txt in Resources */ = {isa = PBXBuildFile; fileRef = 453A6B70143CD2030038B093 /* README.txt */; };
		453A6B7B143CD2030038B093 /* README.txt in Resources */ = {isa = PBXBuildFile; fileRef = 453A6B71143CD2030038B093 /* README.txt */; };
		453A6BBC143CD2B30038B093 /* www in Resources */ = {isa = PBXBuildFile; fileRef = 453A6BBB143CD2B30038B093 /* www */; };
/* End PBXBuildFile section */

/* Begin PBXFileReference section */
		453A6B17143CD1D00038B093 /* GWTPhonegapTest.app */ = {isa = PBXFileReference; explicitFileType = wrapper.application; includeInIndex = 0; path = GWTPhonegapTest.app; sourceTree = BUILT_PRODUCTS_DIR; };
		453A6B1B143CD1D00038B093 /* Foundation.framework */ = {isa = PBXFileReference; lastKnownFileType = wrapper.framework; name = Foundation.framework; path = System/Library/Frameworks/Foundation.framework; sourceTree = SDKROOT; };
		453A6B1D143CD1D00038B093 /* UIKit.framework */ = {isa = PBXFileReference; lastKnownFileType = wrapper.framework; name = UIKit.framework; path = System/Library/Frameworks/UIKit.framework; sourceTree = SDKROOT; };
		453A6B1F143CD1D00038B093 /* CoreGraphics.framework */ = {isa = PBXFileReference; lastKnownFileType = wrapper.framework; name = CoreGraphics.framework; path = System/Library/Frameworks/CoreGraphics.framework; sourceTree = SDKROOT; };
		453A6B21143CD1D00038B093 /* AddressBook.framework */ = {isa = PBXFileReference; lastKnownFileType = wrapper.framework; name = AddressBook.framework; path = System/Library/Frameworks/AddressBook.framework; sourceTree = SDKROOT; };
		453A6B23143CD1D00038B093 /* AddressBookUI.framework */ = {isa = PBXFileReference; lastKnownFileType = wrapper.framework; name = AddressBookUI.framework; path = System/Library/Frameworks/AddressBookUI.framework; sourceTree = SDKROOT; };
		453A6B25143CD1D00038B093 /* AudioToolbox.framework */ = {isa = PBXFileReference; lastKnownFileType = wrapper.framework; name = AudioToolbox.framework; path = System/Library/Frameworks/AudioToolbox.framework; sourceTree = SDKROOT; };
		453A6B27143CD1D00038B093 /* AVFoundation.framework */ = {isa = PBXFileReference; lastKnownFileType = wrapper.framework; name = AVFoundation.framework; path = System/Library/Frameworks/AVFoundation.framework; sourceTree = SDKROOT; };
		453A6B29143CD1D00038B093 /* CoreLocation.framework */ = {isa = PBXFileReference; lastKnownFileType = wrapper.framework; name = CoreLocation.framework; path = System/Library/Frameworks/CoreLocation.framework; sourceTree = SDKROOT; };
		453A6B2B143CD1D00038B093 /* MediaPlayer.framework */ = {isa = PBXFileReference; lastKnownFileType = wrapper.framework; name = MediaPlayer.framework; path = System/Library/Frameworks/MediaPlayer.framework; sourceTree = SDKROOT; };
		453A6B2D143CD1D00038B093 /* QuartzCore.framework */ = {isa = PBXFileReference; lastKnownFileType = wrapper.framework; name = QuartzCore.framework; path = System/Library/Frameworks/QuartzCore.framework; sourceTree = SDKROOT; };
		453A6B2F143CD1D00038B093 /* SystemConfiguration.framework */ = {isa = PBXFileReference; lastKnownFileType = wrapper.framework; name = SystemConfiguration.framework; path = System/Library/Frameworks/SystemConfiguration.framework; sourceTree = SDKROOT; };
		453A6B31143CD1D00038B093 /* MobileCoreServices.framework */ = {isa = PBXFileReference; lastKnownFileType = wrapper.framework; name = MobileCoreServices.framework; path = System/Library/Frameworks/MobileCoreServices.framework; sourceTree = SDKROOT; };
		453A6B33143CD1D00038B093 /* CoreMedia.framework */ = {isa = PBXFileReference; lastKnownFileType = wrapper.framework; name = CoreMedia.framework; path = System/Library/Frameworks/CoreMedia.framework; sourceTree = SDKROOT; };
		453A6B37143CD1D00038B093 /* GWTPhonegapTest-Info.plist */ = {isa = PBXFileReference; lastKnownFileType = text.plist.xml; path = "GWTPhonegapTest-Info.plist"; sourceTree = "<group>"; };
		453A6B39143CD1D00038B093 /* en */ = {isa = PBXFileReference; lastKnownFileType = text.plist.strings; name = en; path = en.lproj/InfoPlist.strings; sourceTree = "<group>"; };
		453A6B3B143CD1D00038B093 /* main.m */ = {isa = PBXFileReference; lastKnownFileType = sourcecode.c.objc; path = main.m; sourceTree = "<group>"; };
		453A6B3D143CD1D00038B093 /* GWTPhonegapTest-Prefix.pch */ = {isa = PBXFileReference; lastKnownFileType = sourcecode.c.h; path = "GWTPhonegapTest-Prefix.pch"; sourceTree = "<group>"; };
		453A6B3E143CD1D00038B093 /* PhoneGap.framework */ = {isa = PBXFileReference; lastKnownFileType = wrapper.framework; name = PhoneGap.framework; path = /Users/Shared/PhoneGap/Frameworks/PhoneGap.framework; sourceTree = "<absolute>"; };
		453A6B43143CD1D00038B093 /* en */ = {isa = PBXFileReference; lastKnownFileType = text.plist.strings; name = en; path = Resources/en.lproj/Localizable.strings; sourceTree = "<group>"; };
		453A6B47143CD1D00038B093 /* es */ = {isa = PBXFileReference; lastKnownFileType = text.plist.strings; name = es; path = Resources/es.lproj/Localizable.strings; sourceTree = "<group>"; };
		453A6B4A143CD1D00038B093 /* icon.png */ = {isa = PBXFileReference; lastKnownFileType = image.png; name = icon.png; path = Resources/icons/icon.png; sourceTree = "<group>"; };
		453A6B4C143CD1D00038B093 /* icon@2x.png */ = {isa = PBXFileReference; lastKnownFileType = image.png; name = "icon@2x.png"; path = "Resources/icons/icon@2x.png"; sourceTree = "<group>"; };
		453A6B4E143CD1D00038B093 /* icon-72.png */ = {isa = PBXFileReference; lastKnownFileType = image.png; name = "icon-72.png"; path = "Resources/icons/icon-72.png"; sourceTree = "<group>"; };
		453A6B51143CD1D00038B093 /* Default.png */ = {isa = PBXFileReference; lastKnownFileType = image.png; name = Default.png; path = Resources/splash/Default.png; sourceTree = "<group>"; };
		453A6B53143CD1D00038B093 /* Default@2x.png */ = {isa = PBXFileReference; lastKnownFileType = image.png; name = "Default@2x.png"; path = "Resources/splash/Default@2x.png"; sourceTree = "<group>"; };
		453A6B55143CD1D00038B093 /* Capture.bundle */ = {isa = PBXFileReference; lastKnownFileType = "wrapper.plug-in"; name = Capture.bundle; path = Resources/Capture.bundle; sourceTree = "<group>"; };
		453A6B57143CD1D00038B093 /* PhoneGap.plist */ = {isa = PBXFileReference; lastKnownFileType = text.plist.xml; path = PhoneGap.plist; sourceTree = "<group>"; };
		453A6B5A143CD1D10038B093 /* AppDelegate.h */ = {isa = PBXFileReference; lastKnownFileType = sourcecode.c.h; name = AppDelegate.h; path = Classes/AppDelegate.h; sourceTree = "<group>"; };
		453A6B5B143CD1D10038B093 /* AppDelegate.m */ = {isa = PBXFileReference; lastKnownFileType = sourcecode.c.objc; name = AppDelegate.m; path = Classes/AppDelegate.m; sourceTree = "<group>"; };
		453A6B5E143CD1D10038B093 /* README */ = {isa = PBXFileReference; lastKnownFileType = text; name = README; path = Plugins/README; sourceTree = "<group>"; };
		453A6B65143CD2030038B093 /* ChildBrowser.bundle */ = {isa = PBXFileReference; lastKnownFileType = "wrapper.plug-in"; path = ChildBrowser.bundle; sourceTree = "<group>"; };
		453A6B66143CD2030038B093 /* ChildBrowser.js */ = {isa = PBXFileReference; fileEncoding = 4; lastKnownFileType = sourcecode.javascript; path = ChildBrowser.js; sourceTree = "<group>"; };
		453A6B67143CD2030038B093 /* ChildBrowserCommand.h */ = {isa = PBXFileReference; fileEncoding = 4; lastKnownFileType = sourcecode.c.h; path = ChildBrowserCommand.h; sourceTree = "<group>"; };
		453A6B68143CD2030038B093 /* ChildBrowserCommand.m */ = {isa = PBXFileReference; fileEncoding = 4; lastKnownFileType = sourcecode.c.objc; path = ChildBrowserCommand.m; sourceTree = "<group>"; };
		453A6B69143CD2030038B093 /* ChildBrowserViewController.h */ = {isa = PBXFileReference; fileEncoding = 4; lastKnownFileType = sourcecode.c.h; path = ChildBrowserViewController.h; sourceTree = "<group>"; };
		453A6B6A143CD2030038B093 /* ChildBrowserViewController.m */ = {isa = PBXFileReference; fileEncoding = 4; lastKnownFileType = sourcecode.c.objc; path = ChildBrowserViewController.m; sourceTree = "<group>"; };
		453A6B6B143CD2030038B093 /* ChildBrowserViewController.xib */ = {isa = PBXFileReference; fileEncoding = 4; lastKnownFileType = file.xib; path = ChildBrowserViewController.xib; sourceTree = "<group>"; };
		453A6B6D143CD2030038B093 /* facebook.html */ = {isa = PBXFileReference; fileEncoding = 4; lastKnownFileType = text.html; path = facebook.html; sourceTree = "<group>"; };
		453A6B6E143CD2030038B093 /* FBConnect.js */ = {isa = PBXFileReference; fileEncoding = 4; lastKnownFileType = sourcecode.javascript; path = FBConnect.js; sourceTree = "<group>"; };
		453A6B6F143CD2030038B093 /* index.html */ = {isa = PBXFileReference; fileEncoding = 4; lastKnownFileType = text.html; path = index.html; sourceTree = "<group>"; };
		453A6B70143CD2030038B093 /* README.txt */ = {isa = PBXFileReference; fileEncoding = 4; lastKnownFileType = text; path = README.txt; sourceTree = "<group>"; };
		453A6B71143CD2030038B093 /* README.txt */ = {isa = PBXFileReference; fileEncoding = 4; lastKnownFileType = text; path = README.txt; sourceTree = "<group>"; };
		453A6BBB143CD2B30038B093 /* www */ = {isa = PBXFileReference; lastKnownFileType = folder; path = www; sourceTree = "<group>"; };
/* End PBXFileReference section */

/* Begin PBXFrameworksBuildPhase section */
		453A6B11143CD1D00038B093 /* Frameworks */ = {
			isa = PBXFrameworksBuildPhase;
			buildActionMask = 2147483647;
			files = (
				453A6B1C143CD1D00038B093 /* Foundation.framework in Frameworks */,
				453A6B1E143CD1D00038B093 /* UIKit.framework in Frameworks */,
				453A6B20143CD1D00038B093 /* CoreGraphics.framework in Frameworks */,
				453A6B22143CD1D00038B093 /* AddressBook.framework in Frameworks */,
				453A6B24143CD1D00038B093 /* AddressBookUI.framework in Frameworks */,
				453A6B26143CD1D00038B093 /* AudioToolbox.framework in Frameworks */,
				453A6B28143CD1D00038B093 /* AVFoundation.framework in Frameworks */,
				453A6B2A143CD1D00038B093 /* CoreLocation.framework in Frameworks */,
				453A6B2C143CD1D00038B093 /* MediaPlayer.framework in Frameworks */,
				453A6B2E143CD1D00038B093 /* QuartzCore.framework in Frameworks */,
				453A6B30143CD1D00038B093 /* SystemConfiguration.framework in Frameworks */,
				453A6B32143CD1D00038B093 /* MobileCoreServices.framework in Frameworks */,
				453A6B34143CD1D00038B093 /* CoreMedia.framework in Frameworks */,
				453A6B3F143CD1D00038B093 /* PhoneGap.framework in Frameworks */,
			);
			runOnlyForDeploymentPostprocessing = 0;
		};
		453A6B14143CD1D00038B093 /* Frameworks */ = {
			isa = PBXFrameworksBuildPhase;
			buildActionMask = 2147483647;
			files = (
			);
			runOnlyForDeploymentPostprocessing = 0;
		};
/* End PBXFrameworksBuildPhase section */

/* Begin PBXGroup section */
		453A6B09143CD1D00038B093 = {
			isa = PBXGroup;
			children = (
				453A6B35143CD1D00038B093 /* GWTPhonegapTest */,
				453A6B1A143CD1D00038B093 /* Frameworks */,
				453A6B18143CD1D00038B093 /* Products */,
				453A6BBB143CD2B30038B093 /* www */,
			);
			sourceTree = "<group>";
		};
		453A6B18143CD1D00038B093 /* Products */ = {
			isa = PBXGroup;
			children = (
				453A6B17143CD1D00038B093 /* GWTPhonegapTest.app */,
			);
			name = Products;
			sourceTree = "<group>";
		};
		453A6B1A143CD1D00038B093 /* Frameworks */ = {
			isa = PBXGroup;
			children = (
				453A6B1B143CD1D00038B093 /* Foundation.framework */,
				453A6B1D143CD1D00038B093 /* UIKit.framework */,
				453A6B1F143CD1D00038B093 /* CoreGraphics.framework */,
				453A6B21143CD1D00038B093 /* AddressBook.framework */,
				453A6B23143CD1D00038B093 /* AddressBookUI.framework */,
				453A6B25143CD1D00038B093 /* AudioToolbox.framework */,
				453A6B27143CD1D00038B093 /* AVFoundation.framework */,
				453A6B29143CD1D00038B093 /* CoreLocation.framework */,
				453A6B2B143CD1D00038B093 /* MediaPlayer.framework */,
				453A6B2D143CD1D00038B093 /* QuartzCore.framework */,
				453A6B2F143CD1D00038B093 /* SystemConfiguration.framework */,
				453A6B31143CD1D00038B093 /* MobileCoreServices.framework */,
				453A6B33143CD1D00038B093 /* CoreMedia.framework */,
			);
			name = Frameworks;
			sourceTree = "<group>";
		};
		453A6B35143CD1D00038B093 /* GWTPhonegapTest */ = {
			isa = PBXGroup;
			children = (
				453A6B3E143CD1D00038B093 /* PhoneGap.framework */,
				453A6B40143CD1D00038B093 /* Resources */,
				453A6B59143CD1D10038B093 /* Classes */,
				453A6B5D143CD1D10038B093 /* Plugins */,
				453A6B36143CD1D00038B093 /* Supporting Files */,
			);
			path = GWTPhonegapTest;
			sourceTree = "<group>";
		};
		453A6B36143CD1D00038B093 /* Supporting Files */ = {
			isa = PBXGroup;
			children = (
				453A6B37143CD1D00038B093 /* GWTPhonegapTest-Info.plist */,
				453A6B38143CD1D00038B093 /* InfoPlist.strings */,
				453A6B3B143CD1D00038B093 /* main.m */,
				453A6B3D143CD1D00038B093 /* GWTPhonegapTest-Prefix.pch */,
				453A6B57143CD1D00038B093 /* PhoneGap.plist */,
			);
			name = "Supporting Files";
			sourceTree = "<group>";
		};
		453A6B40143CD1D00038B093 /* Resources */ = {
			isa = PBXGroup;
			children = (
				453A6B55143CD1D00038B093 /* Capture.bundle */,
				453A6B41143CD1D00038B093 /* en.lproj */,
				453A6B45143CD1D00038B093 /* es.lproj */,
				453A6B49143CD1D00038B093 /* icons */,
				453A6B50143CD1D00038B093 /* splash */,
			);
			name = Resources;
			sourceTree = "<group>";
		};
		453A6B41143CD1D00038B093 /* en.lproj */ = {
			isa = PBXGroup;
			children = (
				453A6B42143CD1D00038B093 /* Localizable.strings */,
			);
			name = en.lproj;
			sourceTree = "<group>";
		};
		453A6B45143CD1D00038B093 /* es.lproj */ = {
			isa = PBXGroup;
			children = (
				453A6B46143CD1D00038B093 /* Localizable.strings */,
			);
			name = es.lproj;
			sourceTree = "<group>";
		};
		453A6B49143CD1D00038B093 /* icons */ = {
			isa = PBXGroup;
			children = (
				453A6B4A143CD1D00038B093 /* icon.png */,
				453A6B4C143CD1D00038B093 /* icon@2x.png */,
				453A6B4E143CD1D00038B093 /* icon-72.png */,
			);
			name = icons;
			sourceTree = "<group>";
		};
		453A6B50143CD1D00038B093 /* splash */ = {
			isa = PBXGroup;
			children = (
				453A6B51143CD1D00038B093 /* Default.png */,
				453A6B53143CD1D00038B093 /* Default@2x.png */,
			);
			name = splash;
			sourceTree = "<group>";
		};
		453A6B59143CD1D10038B093 /* Classes */ = {
			isa = PBXGroup;
			children = (
				453A6B5A143CD1D10038B093 /* AppDelegate.h */,
				453A6B5B143CD1D10038B093 /* AppDelegate.m */,
			);
			name = Classes;
			sourceTree = "<group>";
		};
		453A6B5D143CD1D10038B093 /* Plugins */ = {
			isa = PBXGroup;
			children = (
				453A6B64143CD2030038B093 /* ChildBrowser */,
				453A6B5E143CD1D10038B093 /* README */,
			);
			name = Plugins;
			sourceTree = "<group>";
		};
		453A6B64143CD2030038B093 /* ChildBrowser */ = {
			isa = PBXGroup;
			children = (
				453A6B65143CD2030038B093 /* ChildBrowser.bundle */,
				453A6B66143CD2030038B093 /* ChildBrowser.js */,
				453A6B67143CD2030038B093 /* ChildBrowserCommand.h */,
				453A6B68143CD2030038B093 /* ChildBrowserCommand.m */,
				453A6B69143CD2030038B093 /* ChildBrowserViewController.h */,
				453A6B6A143CD2030038B093 /* ChildBrowserViewController.m */,
				453A6B6B143CD2030038B093 /* ChildBrowserViewController.xib */,
				453A6B6C143CD2030038B093 /* FBConnectExample */,
				453A6B71143CD2030038B093 /* README.txt */,
			);
			path = ChildBrowser;
			sourceTree = "<group>";
		};
		453A6B6C143CD2030038B093 /* FBConnectExample */ = {
			isa = PBXGroup;
			children = (
				453A6B6D143CD2030038B093 /* facebook.html */,
				453A6B6E143CD2030038B093 /* FBConnect.js */,
				453A6B6F143CD2030038B093 /* index.html */,
				453A6B70143CD2030038B093 /* README.txt */,
			);
			path = FBConnectExample;
			sourceTree = "<group>";
		};
/* End PBXGroup section */

/* Begin PBXNativeTarget section */
		453A6B16143CD1D00038B093 /* GWTPhonegapTest */ = {
			isa = PBXNativeTarget;
			buildConfigurationList = 453A6B61143CD1D10038B093 /* Build configuration list for PBXNativeTarget "GWTPhonegapTest" */;
			buildPhases = (
				453A6B10143CD1D00038B093 /* Sources */,
				453A6B11143CD1D00038B093 /* Frameworks */,
				453A6B12143CD1D00038B093 /* Resources */,
				453A6B13143CD1D00038B093 /* Sources */,
				453A6B14143CD1D00038B093 /* Frameworks */,
				453A6B15143CD1D00038B093 /* ShellScript */,
			);
			buildRules = (
			);
			dependencies = (
			);
			name = GWTPhonegapTest;
			productName = GWTPhonegapTest;
			productReference = 453A6B17143CD1D00038B093 /* GWTPhonegapTest.app */;
			productType = "com.apple.product-type.application";
		};
/* End PBXNativeTarget section */

/* Begin PBXProject section */
		453A6B0B143CD1D00038B093 /* Project object */ = {
			isa = PBXProject;
			attributes = {
				LastUpgradeCheck = 0420;
			};
			buildConfigurationList = 453A6B0E143CD1D00038B093 /* Build configuration list for PBXProject "GWTPhonegapTest" */;
			compatibilityVersion = "Xcode 3.2";
			developmentRegion = English;
			hasScannedForEncodings = 0;
			knownRegions = (
				en,
				es,
			);
			mainGroup = 453A6B09143CD1D00038B093;
			productRefGroup = 453A6B18143CD1D00038B093 /* Products */;
			projectDirPath = "";
			projectRoot = "";
			targets = (
				453A6B16143CD1D00038B093 /* GWTPhonegapTest */,
			);
		};
/* End PBXProject section */

/* Begin PBXResourcesBuildPhase section */
		453A6B12143CD1D00038B093 /* Resources */ = {
			isa = PBXResourcesBuildPhase;
			buildActionMask = 2147483647;
			files = (
				453A6B3A143CD1D00038B093 /* InfoPlist.strings in Resources */,
				453A6B44143CD1D00038B093 /* Localizable.strings in Resources */,
				453A6B48143CD1D00038B093 /* Localizable.strings in Resources */,
				453A6B4B143CD1D00038B093 /* icon.png in Resources */,
				453A6B4D143CD1D00038B093 /* icon@2x.png in Resources */,
				453A6B4F143CD1D00038B093 /* icon-72.png in Resources */,
				453A6B52143CD1D00038B093 /* Default.png in Resources */,
				453A6B54143CD1D00038B093 /* Default@2x.png in Resources */,
				453A6B56143CD1D00038B093 /* Capture.bundle in Resources */,
				453A6B58143CD1D10038B093 /* PhoneGap.plist in Resources */,
				453A6B72143CD2030038B093 /* ChildBrowser.bundle in Resources */,
				453A6B76143CD2030038B093 /* ChildBrowserViewController.xib in Resources */,
				453A6B77143CD2030038B093 /* facebook.html in Resources */,
				453A6B79143CD2030038B093 /* index.html in Resources */,
				453A6B7A143CD2030038B093 /* README.txt in Resources */,
				453A6B7B143CD2030038B093 /* README.txt in Resources */,
				453A6BBC143CD2B30038B093 /* www in Resources */,
			);
			runOnlyForDeploymentPostprocessing = 0;
		};
/* End PBXResourcesBuildPhase section */

/* Begin PBXShellScriptBuildPhase section */
		453A6B15143CD1D00038B093 /* ShellScript */ = {
			isa = PBXShellScriptBuildPhase;
			buildActionMask = 2147483647;
			files = (
			);
			inputPaths = (
			);
			outputPaths = (
			);
			runOnlyForDeploymentPostprocessing = 0;
			shellPath = /bin/bash;
			shellScript = "\n\t\t\t\t\t\t\t\tif [ ! -d \"$PROJECT_DIR/www\" ] ; then\n\t\t\t\t\t\t\t\t\tcp -R /Users/Shared/PhoneGap/Frameworks/PhoneGap.framework/www \"$PROJECT_DIR\"\n\t\t\t\t\t\t\t\tfi\n\t\t\t\t\t\t\t\t# detect www folder reference in project, if missing, print warning\n\t\t\t\t\t\t\t\tgrep \"{isa = PBXFileReference; lastKnownFileType = folder; path = www; sourceTree = \\\"<group>\\\"; };\" \"$PROJECT_DIR/$PROJECT_NAME.xcodeproj/project.pbxproj\"\n\t\t\t\t\t\t\t\trc=$? \n\t\t\t\t\t\t\t\tif [ $rc != 0 ] ; then\n\t\t\t\t\t\t\t\techo -e \"warning: Missing - Add $PROJECT_DIR/www as a folder reference in your project. Just drag and drop the folder into your project, into the Project Navigator of Xcode 4. Make sure you select the second radio-button: 'Create folder references for any added folders' (which will create a blue folder)\" 1>&2\n\t\t\t\t\t\t\t\tfi\t\t\t\t\t\t\t";
		};
/* End PBXShellScriptBuildPhase section */

/* Begin PBXSourcesBuildPhase section */
		453A6B10143CD1D00038B093 /* Sources */ = {
			isa = PBXSourcesBuildPhase;
			buildActionMask = 2147483647;
			files = (
				453A6B3C143CD1D00038B093 /* main.m in Sources */,
				453A6B5C143CD1D10038B093 /* AppDelegate.m in Sources */,
				453A6B73143CD2030038B093 /* ChildBrowser.js in Sources */,
				453A6B74143CD2030038B093 /* ChildBrowserCommand.m in Sources */,
				453A6B75143CD2030038B093 /* ChildBrowserViewController.m in Sources */,
				453A6B78143CD2030038B093 /* FBConnect.js in Sources */,
			);
			runOnlyForDeploymentPostprocessing = 0;
		};
		453A6B13143CD1D00038B093 /* Sources */ = {
			isa = PBXSourcesBuildPhase;
			buildActionMask = 2147483647;
			files = (
			);
			runOnlyForDeploymentPostprocessing = 0;
		};
/* End PBXSourcesBuildPhase section */

/* Begin PBXVariantGroup section */
		453A6B38143CD1D00038B093 /* InfoPlist.strings */ = {
			isa = PBXVariantGroup;
			children = (
				453A6B39143CD1D00038B093 /* en */,
			);
			name = InfoPlist.strings;
			sourceTree = "<group>";
		};
		453A6B42143CD1D00038B093 /* Localizable.strings */ = {
			isa = PBXVariantGroup;
			children = (
				453A6B43143CD1D00038B093 /* en */,
			);
			name = Localizable.strings;
			sourceTree = "<group>";
		};
		453A6B46143CD1D00038B093 /* Localizable.strings */ = {
			isa = PBXVariantGroup;
			children = (
				453A6B47143CD1D00038B093 /* es */,
			);
			name = Localizable.strings;
			sourceTree = "<group>";
		};
/* End PBXVariantGroup section */

/* Begin XCBuildConfiguration section */
		453A6B5F143CD1D10038B093 /* Debug */ = {
			isa = XCBuildConfiguration;
			buildSettings = {
				ALWAYS_SEARCH_USER_PATHS = NO;
				ARCHS = "$(ARCHS_STANDARD_32_BIT)";
				"CODE_SIGN_IDENTITY[sdk=iphoneos*]" = "iPhone Developer";
				COPY_PHASE_STRIP = NO;
				GCC_C_LANGUAGE_STANDARD = gnu99;
				GCC_DYNAMIC_NO_PIC = NO;
				GCC_OPTIMIZATION_LEVEL = 0;
				GCC_PREPROCESSOR_DEFINITIONS = (
					"DEBUG=1",
					"$(inherited)",
				);
				GCC_SYMBOLS_PRIVATE_EXTERN = NO;
				GCC_VERSION = com.apple.compilers.llvmgcc42;
				GCC_WARN_ABOUT_MISSING_PROTOTYPES = YES;
				GCC_WARN_ABOUT_RETURN_TYPE = YES;
				GCC_WARN_UNUSED_VARIABLE = YES;
				IPHONEOS_DEPLOYMENT_TARGET = 4.3;
				SDKROOT = iphoneos;
			};
			name = Debug;
		};
		453A6B60143CD1D10038B093 /* Release */ = {
			isa = XCBuildConfiguration;
			buildSettings = {
				ALWAYS_SEARCH_USER_PATHS = NO;
				ARCHS = "$(ARCHS_STANDARD_32_BIT)";
				"CODE_SIGN_IDENTITY[sdk=iphoneos*]" = "iPhone Developer";
				COPY_PHASE_STRIP = YES;
				GCC_C_LANGUAGE_STANDARD = gnu99;
				GCC_VERSION = com.apple.compilers.llvmgcc42;
				GCC_WARN_ABOUT_MISSING_PROTOTYPES = YES;
				GCC_WARN_ABOUT_RETURN_TYPE = YES;
				GCC_WARN_UNUSED_VARIABLE = YES;
				IPHONEOS_DEPLOYMENT_TARGET = 4.3;
				SDKROOT = iphoneos;
				VALIDATE_PRODUCT = YES;
			};
			name = Release;
		};
		453A6B62143CD1D10038B093 /* Debug */ = {
			isa = XCBuildConfiguration;
			buildSettings = {
				ALWAYS_SEARCH_USER_PATHS = YES;
				COPY_PHASE_STRIP = NO;
				FRAMEWORK_SEARCH_PATHS = /Users/Shared/PhoneGap/Frameworks;
				GCC_DYNAMIC_NO_PIC = NO;
				GCC_PRECOMPILE_PREFIX_HEADER = YES;
				GCC_PREFIX_HEADER = "GWTPhonegapTest/GWTPhonegapTest-Prefix.pch";
				GCC_PREPROCESSOR_DEFINITIONS = "PHONEGAP_FRAMEWORK=YES";
				GCC_VERSION = com.apple.compilers.llvm.clang.1_0;
				INFOPLIST_FILE = "GWTPhonegapTest/GWTPhonegapTest-Info.plist";
				OTHER_LDFLAGS = (
					"-weak_framework",
					UIKit,
					"-weak_framework",
					AVFoundation,
					"-weak_framework",
					CoreMedia,
					"-weak_library",
					/usr/lib/libSystem.B.dylib,
				);
				PRODUCT_NAME = "$(TARGET_NAME)";
				TARGETED_DEVICE_FAMILY = "1,2";
				WRAPPER_EXTENSION = app;
			};
			name = Debug;
		};
		453A6B63143CD1D10038B093 /* Release */ = {
			isa = XCBuildConfiguration;
			buildSettings = {
				ALWAYS_SEARCH_USER_PATHS = YES;
				COPY_PHASE_STRIP = YES;
				DEBUG_INFORMATION_FORMAT = "dwarf-with-dsym";
				FRAMEWORK_SEARCH_PATHS = /Users/Shared/PhoneGap/Frameworks;
				GCC_PRECOMPILE_PREFIX_HEADER = YES;
				GCC_PREFIX_HEADER = "GWTPhonegapTest/GWTPhonegapTest-Prefix.pch";
				GCC_PREPROCESSOR_DEFINITIONS = "PHONEGAP_FRAMEWORK=YES";
				GCC_VERSION = com.apple.compilers.llvm.clang.1_0;
				INFOPLIST_FILE = "GWTPhonegapTest/GWTPhonegapTest-Info.plist";
				OTHER_LDFLAGS = (
					"-weak_framework",
					UIKit,
					"-weak_framework",
					AVFoundation,
					"-weak_framework",
					CoreMedia,
					"-weak_library",
					/usr/lib/libSystem.B.dylib,
				);
				PRODUCT_NAME = "$(TARGET_NAME)";
				TARGETED_DEVICE_FAMILY = "1,2";
				VALIDATE_PRODUCT = YES;
				WRAPPER_EXTENSION = app;
			};
			name = Release;
		};
/* End XCBuildConfiguration section */

/* Begin XCConfigurationList section */
		453A6B0E143CD1D00038B093 /* Build configuration list for PBXProject "GWTPhonegapTest" */ = {
			isa = XCConfigurationList;
			buildConfigurations = (
				453A6B5F143CD1D10038B093 /* Debug */,
				453A6B60143CD1D10038B093 /* Release */,
			);
			defaultConfigurationIsVisible = 0;
			defaultConfigurationName = Release;
		};
		453A6B61143CD1D10038B093 /* Build configuration list for PBXNativeTarget "GWTPhonegapTest" */ = {
			isa = XCConfigurationList;
			buildConfigurations = (
				453A6B62143CD1D10038B093 /* Debug */,
				453A6B63143CD1D10038B093 /* Release */,
			);
			defaultConfigurationIsVisible = 0;
			defaultConfigurationName = Release;
		};
/* End XCConfigurationList section */
	};
	rootObject = 453A6B0B143CD1D00038B093 /* Project object */;
}
